<?xml version="1.0" encoding="utf-8"?>
<Project ToolsVersion="4.0" xmlns="http://schemas.microsoft.com/developer/msbuild/2003">
  <ItemGroup>
    <Filter Include="Source Files">
      <UniqueIdentifier>{4FC737F1-C7A5-4376-A066-2A32D752A2FF}</UniqueIdentifier>
      <Extensions>cpp;c;cc;cxx;def;odl;idl;hpj;bat;asm;asmx</Extensions>
    </Filter>
    <Filter Include="Header Files">
      <UniqueIdentifier>{93995380-89BD-4b04-88EB-625FBE52EBFB}</UniqueIdentifier>
      <Extensions>h;hpp;hxx;hm;inl;inc;xsd</Extensions>
    </Filter>
    <Filter Include="Resource Files">
      <UniqueIdentifier>{67DA6AB6-F800-4c08-8B7A-83BB121AAD01}</UniqueIdentifier>
      <Extensions>rc;ico;cur;bmp;dlg;rc2;rct;bin;rgs;gif;jpg;jpeg;jpe;resx;tiff;tif;png;wav</Extensions>
    </Filter>
    <Filter Include="Source Files\TPS">
      <UniqueIdentifier>{698ae401-15ff-4379-9349-21e61ca40080}</UniqueIdentifier>
    </Filter>
    <Filter Include="Source Files\TPS\TP8">
      <UniqueIdentifier>{146d25f5-8832-4ed2-8a15-3e7b56c43082}</UniqueIdentifier>
    </Filter>
  </ItemGroup>
  <ItemGroup>
    <Library Include="..\..\Lib\glut32.ms.lib" />
  </ItemGroup>
  <ItemGroup>
    <ClCompile Include="CH3D.cpp">
      <Filter>Source Files\TPS\TP8</Filter>
    </ClCompile>
    <ClCompile Include="Dir3D.cpp">
      <Filter>Source Files\TPS\TP8</Filter>
    </ClCompile>
    <ClCompile Include="Pos3d.cpp">
      <Filter>Source Files\TPS\TP8</Filter>
    </ClCompile>
    <ClCompile Include="TG3D.cpp">
      <Filter>Source Files\TPS\TP8</Filter>
    </ClCompile>
    <ClCompile Include="Tr3d.cpp">
      <Filter>Source Files\TPS\TP8</Filter>
    </ClCompile>
    <ClCompile Include="Rt3d.cpp">
      <Filter>Source Files\TPS\TP8</Filter>
    </ClCompile>
    <ClCompile Include="..\..\Src\Exemple.cpp">
      <Filter>Source Files\TPS</Filter>
    </ClCompile>
    <ClCompile Include="ParametrageMaterielEtLumieres.cpp">
      <Filter>Source Files\TPS</Filter>
    </ClCompile>
    <ClCompile Include="PlacageTexture.cpp">
      <Filter>Source Files\TPS</Filter>
    </ClCompile>
    <ClCompile Include="TD2.cpp">
      <Filter>Source Files\TPS</Filter>
    </ClCompile>
    <ClCompile Include="..\..\..\TP2.cpp">
      <Filter>Source Files\TPS</Filter>
    </ClCompile>
    <ClCompile Include="TP3.cpp">
      <Filter>Source Files\TPS</Filter>
    </ClCompile>
    <ClCompile Include="TP4.cpp">
      <Filter>Source Files\TPS</Filter>
    </ClCompile>
    <ClCompile Include="TP7.cpp">
      <Filter>Source Files\TPS</Filter>
    </ClCompile>
    <ClCompile Include="Circuit.cpp">
      <Filter>Source Files</Filter>
    </ClCompile>
    <ClCompile Include="..\..\..\..\..\..\Desktop\virtual_trackball.cpp">
      <Filter>Source Files</Filter>
    </ClCompile>
    <ClCompile Include="DeuxFenetres.cpp">
      <Filter>Source Files\TPS</Filter>
    </ClCompile>
    <ClCompile Include="TestMemoire.cpp">
      <Filter>Source Files\TPS</Filter>
    </ClCompile>
  </ItemGroup>
  <ItemGroup>
    <ClInclude Include="CH3D.h">
      <Filter>Source Files\TPS\TP8</Filter>
    </ClInclude>
    <ClInclude Include="TG3D.h">
      <Filter>Source Files\TPS\TP8</Filter>
    </ClInclude>
    <ClInclude Include="Dir3D.h">
      <Filter>Source Files\TPS\TP8</Filter>
    </ClInclude>
    <ClInclude Include="Pos3d.h">
      <Filter>Source Files\TPS\TP8</Filter>
    </ClInclude>
    <ClInclude Include="Tr3d.h">
      <Filter>Source Files\TPS\TP8</Filter>
    </ClInclude>
    <ClInclude Include="Rt3D.h">
      <Filter>Source Files\TPS\TP8</Filter>
    </ClInclude>
  </ItemGroup>
</Project>